// !$*UTF8*$!
{
	archiveVersion = 1;
	classes = {
	};
	objectVersion = 45;
	objects = {

/* Begin PBXBuildFile section */
		1DDD58160DA1D0A300B32029 /* MainMenu.xib in Resources */ = {isa = PBXBuildFile; fileRef = 1DDD58140DA1D0A300B32029 /* MainMenu.xib */; };
		256AC3DA0F4B6AC300CF3369 /* Mach_O_scopeAppDelegate.m in Sources */ = {isa = PBXBuildFile; fileRef = 256AC3D90F4B6AC300CF3369 /* Mach_O_scopeAppDelegate.m */; };
		321CFA6D123282690065DD4A /* MOSTextFieldCell.m in Sources */ = {isa = PBXBuildFile; fileRef = 321CFA6C123282690065DD4A /* MOSTextFieldCell.m */; };
		321CFC2112329A5E0065DD4A /* MOSDataTextFieldCell.m in Sources */ = {isa = PBXBuildFile; fileRef = 321CFC2012329A5E0065DD4A /* MOSDataTextFieldCell.m */; };
		3222D4C21195EFFC007A29ED /* libsqlite3.dylib in Frameworks */ = {isa = PBXBuildFile; fileRef = 3222D4C11195EFFC007A29ED /* libsqlite3.dylib */; };
		3222D4D71195F041007A29ED /* EGODatabase.m in Sources */ = {isa = PBXBuildFile; fileRef = 3222D4D01195F041007A29ED /* EGODatabase.m */; };
		3222D4D81195F041007A29ED /* EGODatabaseRequest.m in Sources */ = {isa = PBXBuildFile; fileRef = 3222D4D21195F041007A29ED /* EGODatabaseRequest.m */; };
		3222D4D91195F041007A29ED /* EGODatabaseResult.m in Sources */ = {isa = PBXBuildFile; fileRef = 3222D4D41195F041007A29ED /* EGODatabaseResult.m */; };
		3222D4DA1195F041007A29ED /* EGODatabaseRow.m in Sources */ = {isa = PBXBuildFile; fileRef = 3222D4D61195F041007A29ED /* EGODatabaseRow.m */; };
		3222D4E31195F0B9007A29ED /* ClassMethodBrowser.xib in Resources */ = {isa = PBXBuildFile; fileRef = 3222D4E21195F0B9007A29ED /* ClassMethodBrowser.xib */; };
		3222D4E91195F0EF007A29ED /* ClassMethodWindowController.m in Sources */ = {isa = PBXBuildFile; fileRef = 3222D4E81195F0EF007A29ED /* ClassMethodWindowController.m */; };
		3222D4F9119609F2007A29ED /* MOSDatabase.m in Sources */ = {isa = PBXBuildFile; fileRef = 3222D4F8119609F2007A29ED /* MOSDatabase.m */; };
		3222D9CA11978CFA007A29ED /* otx in Resources */ = {isa = PBXBuildFile; fileRef = 3222D9C911978CFA007A29ED /* otx */; };
		3222DAE411979F6C007A29ED /* OTXDisassemblyScanner.m in Sources */ = {isa = PBXBuildFile; fileRef = 3222DAE311979F6C007A29ED /* OTXDisassemblyScanner.m */; };
		3222DD0E1197BAA8007A29ED /* MOSClass.m in Sources */ = {isa = PBXBuildFile; fileRef = 3222DD0D1197BAA8007A29ED /* MOSClass.m */; };
		3222DD121197BC05007A29ED /* ClassArrayController.m in Sources */ = {isa = PBXBuildFile; fileRef = 3222DD111197BC05007A29ED /* ClassArrayController.m */; };
		3222E0001197C6AD007A29ED /* MOSMethod.m in Sources */ = {isa = PBXBuildFile; fileRef = 3222DFFF1197C6AD007A29ED /* MOSMethod.m */; };
		3222E17311987E9D007A29ED /* MOSOperation.m in Sources */ = {isa = PBXBuildFile; fileRef = 3222E17211987E9D007A29ED /* MOSOperation.m */; };
		32E05A16119AFC2B00489307 /* MOSsymbolsTextFieldCell.m in Sources */ = {isa = PBXBuildFile; fileRef = 32E05A15119AFC2B00489307 /* MOSsymbolsTextFieldCell.m */; };
		32E06331119B9A4E00489307 /* DisassemblyWindowController.m in Sources */ = {isa = PBXBuildFile; fileRef = 32E06330119B9A4E00489307 /* DisassemblyWindowController.m */; };
		32E06338119B9A9700489307 /* DisassemblyWindow.xib in Resources */ = {isa = PBXBuildFile; fileRef = 32E06337119B9A9700489307 /* DisassemblyWindow.xib */; };
		8D11072B0486CEB800E47090 /* InfoPlist.strings in Resources */ = {isa = PBXBuildFile; fileRef = 089C165CFE840E0CC02AAC07 /* InfoPlist.strings */; };
		8D11072D0486CEB800E47090 /* main.m in Sources */ = {isa = PBXBuildFile; fileRef = 29B97316FDCFA39411CA2CEA /* main.m */; settings = {ATTRIBUTES = (); }; };
		8D11072F0486CEB800E47090 /* Cocoa.framework in Frameworks */ = {isa = PBXBuildFile; fileRef = 1058C7A1FEA54F0111CA2CBB /* Cocoa.framework */; };
/* End PBXBuildFile section */

/* Begin PBXFileReference section */
		089C165DFE840E0CC02AAC07 /* English */ = {isa = PBXFileReference; fileEncoding = 4; lastKnownFileType = text.plist.strings; name = English; path = English.lproj/InfoPlist.strings; sourceTree = "<group>"; };
		1058C7A1FEA54F0111CA2CBB /* Cocoa.framework */ = {isa = PBXFileReference; lastKnownFileType = wrapper.framework; name = Cocoa.framework; path = /System/Library/Frameworks/Cocoa.framework; sourceTree = "<absolute>"; };
		13E42FB307B3F0F600E4EEF1 /* CoreData.framework */ = {isa = PBXFileReference; lastKnownFileType = wrapper.framework; name = CoreData.framework; path = /System/Library/Frameworks/CoreData.framework; sourceTree = "<absolute>"; };
		1DDD58150DA1D0A300B32029 /* English */ = {isa = PBXFileReference; lastKnownFileType = file.xib; name = English; path = English.lproj/MainMenu.xib; sourceTree = "<group>"; };
		256AC3D80F4B6AC300CF3369 /* Mach_O_scopeAppDelegate.h */ = {isa = PBXFileReference; fileEncoding = 4; lastKnownFileType = sourcecode.c.h; path = Mach_O_scopeAppDelegate.h; sourceTree = "<group>"; };
		256AC3D90F4B6AC300CF3369 /* Mach_O_scopeAppDelegate.m */ = {isa = PBXFileReference; fileEncoding = 4; lastKnownFileType = sourcecode.c.objc; path = Mach_O_scopeAppDelegate.m; sourceTree = "<group>"; };
		256AC3F00F4B6AF500CF3369 /* Mach_O_scope_Prefix.pch */ = {isa = PBXFileReference; fileEncoding = 4; lastKnownFileType = sourcecode.c.h; path = Mach_O_scope_Prefix.pch; sourceTree = "<group>"; };
		29B97316FDCFA39411CA2CEA /* main.m */ = {isa = PBXFileReference; fileEncoding = 4; lastKnownFileType = sourcecode.c.objc; path = main.m; sourceTree = "<group>"; };
		29B97324FDCFA39411CA2CEA /* AppKit.framework */ = {isa = PBXFileReference; lastKnownFileType = wrapper.framework; name = AppKit.framework; path = /System/Library/Frameworks/AppKit.framework; sourceTree = "<absolute>"; };
		29B97325FDCFA39411CA2CEA /* Foundation.framework */ = {isa = PBXFileReference; lastKnownFileType = wrapper.framework; name = Foundation.framework; path = /System/Library/Frameworks/Foundation.framework; sourceTree = "<absolute>"; };
		321CFA6B123282690065DD4A /* MOSTextFieldCell.h */ = {isa = PBXFileReference; fileEncoding = 4; lastKnownFileType = sourcecode.c.h; path = MOSTextFieldCell.h; sourceTree = "<group>"; };
		321CFA6C123282690065DD4A /* MOSTextFieldCell.m */ = {isa = PBXFileReference; fileEncoding = 4; lastKnownFileType = sourcecode.c.objc; path = MOSTextFieldCell.m; sourceTree = "<group>"; };
		321CFC1F12329A5E0065DD4A /* MOSDataTextFieldCell.h */ = {isa = PBXFileReference; fileEncoding = 4; lastKnownFileType = sourcecode.c.h; path = MOSDataTextFieldCell.h; sourceTree = "<group>"; };
		321CFC2012329A5E0065DD4A /* MOSDataTextFieldCell.m */ = {isa = PBXFileReference; fileEncoding = 4; lastKnownFileType = sourcecode.c.objc; path = MOSDataTextFieldCell.m; sourceTree = "<group>"; };
		3222D4C11195EFFC007A29ED /* libsqlite3.dylib */ = {isa = PBXFileReference; lastKnownFileType = "compiled.mach-o.dylib"; path = libsqlite3.dylib; sourceTree = "<group>"; };
		3222D4CF1195F041007A29ED /* EGODatabase.h */ = {isa = PBXFileReference; fileEncoding = 4; lastKnownFileType = sourcecode.c.h; path = EGODatabase.h; sourceTree = "<group>"; };
		3222D4D01195F041007A29ED /* EGODatabase.m */ = {isa = PBXFileReference; fileEncoding = 4; lastKnownFileType = sourcecode.c.objc; path = EGODatabase.m; sourceTree = "<group>"; };
		3222D4D11195F041007A29ED /* EGODatabaseRequest.h */ = {isa = PBXFileReference; fileEncoding = 4; lastKnownFileType = sourcecode.c.h; path = EGODatabaseRequest.h; sourceTree = "<group>"; };
		3222D4D21195F041007A29ED /* EGODatabaseRequest.m */ = {isa = PBXFileReference; fileEncoding = 4; lastKnownFileType = sourcecode.c.objc; path = EGODatabaseRequest.m; sourceTree = "<group>"; };
		3222D4D31195F041007A29ED /* EGODatabaseResult.h */ = {isa = PBXFileReference; fileEncoding = 4; lastKnownFileType = sourcecode.c.h; path = EGODatabaseResult.h; sourceTree = "<group>"; };
		3222D4D41195F041007A29ED /* EGODatabaseResult.m */ = {isa = PBXFileReference; fileEncoding = 4; lastKnownFileType = sourcecode.c.objc; path = EGODatabaseResult.m; sourceTree = "<group>"; };
		3222D4D51195F041007A29ED /* EGODatabaseRow.h */ = {isa = PBXFileReference; fileEncoding = 4; lastKnownFileType = sourcecode.c.h; path = EGODatabaseRow.h; sourceTree = "<group>"; };
		3222D4D61195F041007A29ED /* EGODatabaseRow.m */ = {isa = PBXFileReference; fileEncoding = 4; lastKnownFileType = sourcecode.c.objc; path = EGODatabaseRow.m; sourceTree = "<group>"; };
		3222D4E21195F0B9007A29ED /* ClassMethodBrowser.xib */ = {isa = PBXFileReference; lastKnownFileType = file.xib; path = ClassMethodBrowser.xib; sourceTree = "<group>"; };
		3222D4E71195F0EF007A29ED /* ClassMethodWindowController.h */ = {isa = PBXFileReference; fileEncoding = 4; lastKnownFileType = sourcecode.c.h; path = ClassMethodWindowController.h; sourceTree = "<group>"; };
		3222D4E81195F0EF007A29ED /* ClassMethodWindowController.m */ = {isa = PBXFileReference; fileEncoding = 4; lastKnownFileType = sourcecode.c.objc; path = ClassMethodWindowController.m; sourceTree = "<group>"; };
		3222D4F7119609F2007A29ED /* MOSDatabase.h */ = {isa = PBXFileReference; fileEncoding = 4; lastKnownFileType = sourcecode.c.h; name = MOSDatabase.h; path = EGODatabase/MOSDatabase.h; sourceTree = "<group>"; };
		3222D4F8119609F2007A29ED /* MOSDatabase.m */ = {isa = PBXFileReference; fileEncoding = 4; lastKnownFileType = sourcecode.c.objc; name = MOSDatabase.m; path = EGODatabase/MOSDatabase.m; sourceTree = "<group>"; };
		3222D9C911978CFA007A29ED /* otx */ = {isa = PBXFileReference; lastKnownFileType = "compiled.mach-o.executable"; path = otx; sourceTree = "<group>"; };
		3222DAE211979F6C007A29ED /* OTXDisassemblyScanner.h */ = {isa = PBXFileReference; fileEncoding = 4; lastKnownFileType = sourcecode.c.h; path = OTXDisassemblyScanner.h; sourceTree = "<group>"; };
		3222DAE311979F6C007A29ED /* OTXDisassemblyScanner.m */ = {isa = PBXFileReference; fileEncoding = 4; lastKnownFileType = sourcecode.c.objc; path = OTXDisassemblyScanner.m; sourceTree = "<group>"; };
		3222DD0C1197BAA8007A29ED /* MOSClass.h */ = {isa = PBXFileReference; fileEncoding = 4; lastKnownFileType = sourcecode.c.h; path = MOSClass.h; sourceTree = "<group>"; };
		3222DD0D1197BAA8007A29ED /* MOSClass.m */ = {isa = PBXFileReference; fileEncoding = 4; lastKnownFileType = sourcecode.c.objc; path = MOSClass.m; sourceTree = "<group>"; };
		3222DD101197BC05007A29ED /* ClassArrayController.h */ = {isa = PBXFileReference; fileEncoding = 4; lastKnownFileType = sourcecode.c.h; path = ClassArrayController.h; sourceTree = "<group>"; };
		3222DD111197BC05007A29ED /* ClassArrayController.m */ = {isa = PBXFileReference; fileEncoding = 4; lastKnownFileType = sourcecode.c.objc; path = ClassArrayController.m; sourceTree = "<group>"; };
		3222DFFE1197C6AD007A29ED /* MOSMethod.h */ = {isa = PBXFileReference; fileEncoding = 4; lastKnownFileType = sourcecode.c.h; path = MOSMethod.h; sourceTree = "<group>"; };
		3222DFFF1197C6AD007A29ED /* MOSMethod.m */ = {isa = PBXFileReference; fileEncoding = 4; lastKnownFileType = sourcecode.c.objc; path = MOSMethod.m; sourceTree = "<group>"; };
		3222E17111987E9D007A29ED /* MOSOperation.h */ = {isa = PBXFileReference; fileEncoding = 4; lastKnownFileType = sourcecode.c.h; path = MOSOperation.h; sourceTree = "<group>"; };
		3222E17211987E9D007A29ED /* MOSOperation.m */ = {isa = PBXFileReference; fileEncoding = 4; lastKnownFileType = sourcecode.c.objc; path = MOSOperation.m; sourceTree = "<group>"; };
		32E05A14119AFC2B00489307 /* MOSsymbolsTextFieldCell.h */ = {isa = PBXFileReference; fileEncoding = 4; lastKnownFileType = sourcecode.c.h; path = MOSsymbolsTextFieldCell.h; sourceTree = "<group>"; };
		32E05A15119AFC2B00489307 /* MOSsymbolsTextFieldCell.m */ = {isa = PBXFileReference; fileEncoding = 4; lastKnownFileType = sourcecode.c.objc; path = MOSsymbolsTextFieldCell.m; sourceTree = "<group>"; };
		32E0632F119B9A4E00489307 /* DisassemblyWindowController.h */ = {isa = PBXFileReference; fileEncoding = 4; lastKnownFileType = sourcecode.c.h; path = DisassemblyWindowController.h; sourceTree = "<group>"; };
		32E06330119B9A4E00489307 /* DisassemblyWindowController.m */ = {isa = PBXFileReference; fileEncoding = 4; lastKnownFileType = sourcecode.c.objc; path = DisassemblyWindowController.m; sourceTree = "<group>"; };
		32E06337119B9A9700489307 /* DisassemblyWindow.xib */ = {isa = PBXFileReference; lastKnownFileType = file.xib; path = DisassemblyWindow.xib; sourceTree = "<group>"; };
		8D1107310486CEB800E47090 /* Mach_O_scope-Info.plist */ = {isa = PBXFileReference; fileEncoding = 4; lastKnownFileType = text.plist.xml; path = "Mach_O_scope-Info.plist"; sourceTree = "<group>"; };
		8D1107320486CEB800E47090 /* Mach-O-scope.app */ = {isa = PBXFileReference; explicitFileType = wrapper.application; includeInIndex = 0; path = "Mach-O-scope.app"; sourceTree = BUILT_PRODUCTS_DIR; };
/* End PBXFileReference section */

/* Begin PBXFrameworksBuildPhase section */
		8D11072E0486CEB800E47090 /* Frameworks */ = {
			isa = PBXFrameworksBuildPhase;
			buildActionMask = 2147483647;
			files = (
				8D11072F0486CEB800E47090 /* Cocoa.framework in Frameworks */,
				3222D4C21195EFFC007A29ED /* libsqlite3.dylib in Frameworks */,
			);
			runOnlyForDeploymentPostprocessing = 0;
		};
/* End PBXFrameworksBuildPhase section */

/* Begin PBXGroup section */
		080E96DDFE201D6D7F000001 /* Classes */ = {
			isa = PBXGroup;
			children = (
				32E063CF119C294D00489307 /* Headers */,
				3222D4F8119609F2007A29ED /* MOSDatabase.m */,
				3222DAE311979F6C007A29ED /* OTXDisassemblyScanner.m */,
				256AC3D90F4B6AC300CF3369 /* Mach_O_scopeAppDelegate.m */,
				3222D4E81195F0EF007A29ED /* ClassMethodWindowController.m */,
				32E06330119B9A4E00489307 /* DisassemblyWindowController.m */,
				32E05A15119AFC2B00489307 /* MOSsymbolsTextFieldCell.m */,
				321CFA6C123282690065DD4A /* MOSTextFieldCell.m */,
				321CFC2012329A5E0065DD4A /* MOSDataTextFieldCell.m */,
				3222DD0D1197BAA8007A29ED /* MOSClass.m */,
				3222E17211987E9D007A29ED /* MOSOperation.m */,
				3222DFFF1197C6AD007A29ED /* MOSMethod.m */,
				3222DD111197BC05007A29ED /* ClassArrayController.m */,
			);
			name = Classes;
			sourceTree = "<group>";
		};
		1058C7A0FEA54F0111CA2CBB /* Linked Frameworks */ = {
			isa = PBXGroup;
			children = (
				1058C7A1FEA54F0111CA2CBB /* Cocoa.framework */,
			);
			name = "Linked Frameworks";
			sourceTree = "<group>";
		};
		1058C7A2FEA54F0111CA2CBB /* Other Frameworks */ = {
			isa = PBXGroup;
			children = (
				29B97324FDCFA39411CA2CEA /* AppKit.framework */,
				13E42FB307B3F0F600E4EEF1 /* CoreData.framework */,
				29B97325FDCFA39411CA2CEA /* Foundation.framework */,
			);
			name = "Other Frameworks";
			sourceTree = "<group>";
		};
		19C28FACFE9D520D11CA2CBB /* Products */ = {
			isa = PBXGroup;
			children = (
				8D1107320486CEB800E47090 /* Mach-O-scope.app */,
			);
			name = Products;
			sourceTree = "<group>";
		};
		29B97314FDCFA39411CA2CEA /* Mach-O-scope */ = {
			isa = PBXGroup;
			children = (
				3222D4C61195F024007A29ED /* EGODatabase */,
				080E96DDFE201D6D7F000001 /* Classes */,
				29B97315FDCFA39411CA2CEA /* Other Sources */,
				29B97317FDCFA39411CA2CEA /* Resources */,
				29B97323FDCFA39411CA2CEA /* Frameworks */,
				19C28FACFE9D520D11CA2CBB /* Products */,
			);
			name = "Mach-O-scope";
			sourceTree = "<group>";
		};
		29B97315FDCFA39411CA2CEA /* Other Sources */ = {
			isa = PBXGroup;
			children = (
				256AC3F00F4B6AF500CF3369 /* Mach_O_scope_Prefix.pch */,
				29B97316FDCFA39411CA2CEA /* main.m */,
			);
			name = "Other Sources";
			sourceTree = "<group>";
		};
		29B97317FDCFA39411CA2CEA /* Resources */ = {
			isa = PBXGroup;
			children = (
				3222D9C911978CFA007A29ED /* otx */,
				3222D4C11195EFFC007A29ED /* libsqlite3.dylib */,
				8D1107310486CEB800E47090 /* Mach_O_scope-Info.plist */,
				089C165CFE840E0CC02AAC07 /* InfoPlist.strings */,
				1DDD58140DA1D0A300B32029 /* MainMenu.xib */,
				3222D4E21195F0B9007A29ED /* ClassMethodBrowser.xib */,
				32E06337119B9A9700489307 /* DisassemblyWindow.xib */,
			);
			name = Resources;
			sourceTree = "<group>";
		};
		29B97323FDCFA39411CA2CEA /* Frameworks */ = {
			isa = PBXGroup;
			children = (
				1058C7A0FEA54F0111CA2CBB /* Linked Frameworks */,
				1058C7A2FEA54F0111CA2CBB /* Other Frameworks */,
			);
			name = Frameworks;
			sourceTree = "<group>";
		};
		3222D4C61195F024007A29ED /* EGODatabase */ = {
			isa = PBXGroup;
			children = (
				3222D4CF1195F041007A29ED /* EGODatabase.h */,
				3222D4D01195F041007A29ED /* EGODatabase.m */,
				3222D4D11195F041007A29ED /* EGODatabaseRequest.h */,
				3222D4D21195F041007A29ED /* EGODatabaseRequest.m */,
				3222D4D31195F041007A29ED /* EGODatabaseResult.h */,
				3222D4D41195F041007A29ED /* EGODatabaseResult.m */,
				3222D4D51195F041007A29ED /* EGODatabaseRow.h */,
				3222D4D61195F041007A29ED /* EGODatabaseRow.m */,
			);
			path = EGODatabase;
			sourceTree = "<group>";
		};
		32E063CF119C294D00489307 /* Headers */ = {
			isa = PBXGroup;
			children = (
				3222D4F7119609F2007A29ED /* MOSDatabase.h */,
				3222DAE211979F6C007A29ED /* OTXDisassemblyScanner.h */,
				256AC3D80F4B6AC300CF3369 /* Mach_O_scopeAppDelegate.h */,
				3222D4E71195F0EF007A29ED /* ClassMethodWindowController.h */,
				32E0632F119B9A4E00489307 /* DisassemblyWindowController.h */,
				32E05A14119AFC2B00489307 /* MOSsymbolsTextFieldCell.h */,
				321CFC1F12329A5E0065DD4A /* MOSDataTextFieldCell.h */,
				321CFA6B123282690065DD4A /* MOSTextFieldCell.h */,
				3222DD0C1197BAA8007A29ED /* MOSClass.h */,
				3222E17111987E9D007A29ED /* MOSOperation.h */,
				3222DFFE1197C6AD007A29ED /* MOSMethod.h */,
				3222DD101197BC05007A29ED /* ClassArrayController.h */,
			);
			name = Headers;
			sourceTree = "<group>";
		};
/* End PBXGroup section */

/* Begin PBXNativeTarget section */
		8D1107260486CEB800E47090 /* Mach-O-scope */ = {
			isa = PBXNativeTarget;
			buildConfigurationList = C01FCF4A08A954540054247B /* Build configuration list for PBXNativeTarget "Mach-O-scope" */;
			buildPhases = (
				8D1107290486CEB800E47090 /* Resources */,
				8D11072C0486CEB800E47090 /* Sources */,
				8D11072E0486CEB800E47090 /* Frameworks */,
			);
			buildRules = (
			);
			dependencies = (
			);
			name = "Mach-O-scope";
			productInstallPath = "$(HOME)/Applications";
			productName = "Mach-O-scope";
			productReference = 8D1107320486CEB800E47090 /* Mach-O-scope.app */;
			productType = "com.apple.product-type.application";
		};
/* End PBXNativeTarget section */

/* Begin PBXProject section */
		29B97313FDCFA39411CA2CEA /* Project object */ = {
			isa = PBXProject;
			buildConfigurationList = C01FCF4E08A954540054247B /* Build configuration list for PBXProject "Mach-O-scope" */;
			compatibilityVersion = "Xcode 3.1";
			hasScannedForEncodings = 1;
			mainGroup = 29B97314FDCFA39411CA2CEA /* Mach-O-scope */;
			projectDirPath = "";
			projectRoot = "";
			targets = (
				8D1107260486CEB800E47090 /* Mach-O-scope */,
			);
		};
/* End PBXProject section */

/* Begin PBXResourcesBuildPhase section */
		8D1107290486CEB800E47090 /* Resources */ = {
			isa = PBXResourcesBuildPhase;
			buildActionMask = 2147483647;
			files = (
				8D11072B0486CEB800E47090 /* InfoPlist.strings in Resources */,
				1DDD58160DA1D0A300B32029 /* MainMenu.xib in Resources */,
				3222D4E31195F0B9007A29ED /* ClassMethodBrowser.xib in Resources */,
				3222D9CA11978CFA007A29ED /* otx in Resources */,
				32E06338119B9A9700489307 /* DisassemblyWindow.xib in Resources */,
			);
			runOnlyForDeploymentPostprocessing = 0;
		};
/* End PBXResourcesBuildPhase section */

/* Begin PBXSourcesBuildPhase section */
		8D11072C0486CEB800E47090 /* Sources */ = {
			isa = PBXSourcesBuildPhase;
			buildActionMask = 2147483647;
			files = (
				8D11072D0486CEB800E47090 /* main.m in Sources */,
				256AC3DA0F4B6AC300CF3369 /* Mach_O_scopeAppDelegate.m in Sources */,
				3222D4D71195F041007A29ED /* EGODatabase.m in Sources */,
				3222D4D81195F041007A29ED /* EGODatabaseRequest.m in Sources */,
				3222D4D91195F041007A29ED /* EGODatabaseResult.m in Sources */,
				3222D4DA1195F041007A29ED /* EGODatabaseRow.m in Sources */,
				3222D4E91195F0EF007A29ED /* ClassMethodWindowController.m in Sources */,
				3222D4F9119609F2007A29ED /* MOSDatabase.m in Sources */,
				3222DAE411979F6C007A29ED /* OTXDisassemblyScanner.m in Sources */,
				3222DD0E1197BAA8007A29ED /* MOSClass.m in Sources */,
				3222DD121197BC05007A29ED /* ClassArrayController.m in Sources */,
				3222E0001197C6AD007A29ED /* MOSMethod.m in Sources */,
				3222E17311987E9D007A29ED /* MOSOperation.m in Sources */,
				32E05A16119AFC2B00489307 /* MOSsymbolsTextFieldCell.m in Sources */,
				32E06331119B9A4E00489307 /* DisassemblyWindowController.m in Sources */,
				321CFA6D123282690065DD4A /* MOSTextFieldCell.m in Sources */,
				321CFC2112329A5E0065DD4A /* MOSDataTextFieldCell.m in Sources */,
			);
			runOnlyForDeploymentPostprocessing = 0;
		};
/* End PBXSourcesBuildPhase section */

/* Begin PBXVariantGroup section */
		089C165CFE840E0CC02AAC07 /* InfoPlist.strings */ = {
			isa = PBXVariantGroup;
			children = (
				089C165DFE840E0CC02AAC07 /* English */,
			);
			name = InfoPlist.strings;
			sourceTree = "<group>";
		};
		1DDD58140DA1D0A300B32029 /* MainMenu.xib */ = {
			isa = PBXVariantGroup;
			children = (
				1DDD58150DA1D0A300B32029 /* English */,
			);
			name = MainMenu.xib;
			sourceTree = "<group>";
		};
/* End PBXVariantGroup section */

/* Begin XCBuildConfiguration section */
		C01FCF4B08A954540054247B /* Debug */ = {
			isa = XCBuildConfiguration;
			buildSettings = {
				ALWAYS_SEARCH_USER_PATHS = NO;
				COPY_PHASE_STRIP = NO;
				GCC_DYNAMIC_NO_PIC = NO;
				GCC_ENABLE_FIX_AND_CONTINUE = YES;
				GCC_MODEL_TUNING = G5;
				GCC_OPTIMIZATION_LEVEL = 0;
				GCC_PRECOMPILE_PREFIX_HEADER = YES;
				GCC_PREFIX_HEADER = Mach_O_scope_Prefix.pch;
				INFOPLIST_FILE = "Mach_O_scope-Info.plist";
				INSTALL_PATH = "$(HOME)/Applications";
				LIBRARY_SEARCH_PATHS = (
					"$(inherited)",
					"\"$(SRCROOT)\"",
				);
				MACOSX_DEPLOYMENT_TARGET = 10.5;
				PRODUCT_NAME = "Mach-O-scope";
				SDKROOT = macosx10.6;
			};
			name = Debug;
		};
		C01FCF4C08A954540054247B /* Release */ = {
			isa = XCBuildConfiguration;
			buildSettings = {
				ALWAYS_SEARCH_USER_PATHS = NO;
				DEBUG_INFORMATION_FORMAT = "dwarf-with-dsym";
				GCC_MODEL_TUNING = G5;
				GCC_PRECOMPILE_PREFIX_HEADER = YES;
				GCC_PREFIX_HEADER = Mach_O_scope_Prefix.pch;
				INFOPLIST_FILE = "Mach_O_scope-Info.plist";
				INSTALL_PATH = "$(HOME)/Applications";
				LIBRARY_SEARCH_PATHS = (
					"$(inherited)",
					"\"$(SRCROOT)\"",
				);
				PRODUCT_NAME = "Mach-O-scope";
			};
			name = Release;
		};
		C01FCF4F08A954540054247B /* Debug */ = {
			isa = XCBuildConfiguration;
			buildSettings = {
				ARCHS = "$(ARCHS_STANDARD_32_64_BIT)";
				GCC_C_LANGUAGE_STANDARD = gnu99;
				GCC_OPTIMIZATION_LEVEL = 0;
				GCC_WARN_ABOUT_RETURN_TYPE = YES;
				GCC_WARN_UNUSED_VARIABLE = YES;
				ONLY_ACTIVE_ARCH = YES;
				PREBINDING = NO;
				SDKROOT = macosx10.6;
			};
			name = Debug;
		};
		C01FCF5008A954540054247B /* Release */ = {
			isa = XCBuildConfiguration;
			buildSettings = {
				ARCHS = "$(ARCHS_STANDARD_32_64_BIT)";
				GCC_C_LANGUAGE_STANDARD = gnu99;
				GCC_WARN_ABOUT_RETURN_TYPE = YES;
				GCC_WARN_UNUSED_VARIABLE = YES;
				PREBINDING = NO;
				SDKROOT = macosx10.6;
			};
			name = Release;
		};
/* End XCBuildConfiguration section */

/* Begin XCConfigurationList section */
		C01FCF4A08A954540054247B /* Build configuration list for PBXNativeTarget "Mach-O-scope" */ = {
			isa = XCConfigurationList;
			buildConfigurations = (
				C01FCF4B08A954540054247B /* Debug */,
				C01FCF4C08A954540054247B /* Release */,
			);
			defaultConfigurationIsVisible = 0;
			defaultConfigurationName = Release;
		};
		C01FCF4E08A954540054247B /* Build configuration list for PBXProject "Mach-O-scope" */ = {
			isa = XCConfigurationList;
			buildConfigurations = (
				C01FCF4F08A954540054247B /* Debug */,
				C01FCF5008A954540054247B /* Release */,
			);
			defaultConfigurationIsVisible = 0;
			defaultConfigurationName = Release;
		};
/* End XCConfigurationList section */
	};
	rootObject = 29B97313FDCFA39411CA2CEA /* Project object */;
}
